<Solution>
  <Project Path="IdentityHub.API/IdentityHub.API.csproj" />
  <Project Path="IdentityHub.Application/IdentityHub.Application.csproj" />
  <Project Path="IdentityHub.Domain/IdentityHub.Domain.csproj" />
  <Project Path="IdentityHub.Infrastructure/IdentityHub.Infrastructure.csproj" />
  <Project Path="IdentityHub.Shared/IdentityHub.Shared.csproj" />
  <Project Path="IdentityHub.Tests/IdentityHub.Tests.csproj" />
</Solution>
